
Microsoft Visual Studio Solution File, Format Version 12.00
# Visual Studio Version 16
VisualStudioVersion = 25.0.1704.3
MinimumVisualStudioVersion = 10.0.40219.1
Project("{FAE04EC0-301F-11D3-BF4B-00C04F79EFBC}") = "Projectwork Store", "Projectwork Store\Projectwork Store.csproj", "{A267C5CE-97C6-4AB6-88DB-D973BF9C0421}"
EndProject
Global
	GlobalSection(SolutionConfigurationPlatforms) = preSolution
		Debug|Any CPU = Debug|Any CPU
		Release|Any CPU = Release|Any CPU
	EndGlobalSection
	GlobalSection(ProjectConfigurationPlatforms) = postSolution
		{A267C5CE-97C6-4AB6-88DB-D973BF9C0421}.Debug|Any CPU.ActiveCfg = Debug|Any CPU
		{A267C5CE-97C6-4AB6-88DB-D973BF9C0421}.Debug|Any CPU.Build.0 = Debug|Any CPU
		{A267C5CE-97C6-4AB6-88DB-D973BF9C0421}.Release|Any CPU.ActiveCfg = Release|Any CPU
		{A267C5CE-97C6-4AB6-88DB-D973BF9C0421}.Release|Any CPU.Build.0 = Release|Any CPU
	EndGlobalSection
	GlobalSection(SolutionProperties) = preSolution
		HideSolutionNode = FALSE
	EndGlobalSection
	GlobalSection(ExtensibilityGlobals) = postSolution
		SolutionGuid = {F3EFFA64-73BA-40C8-89E1-93B22F8D060D}
	EndGlobalSection
EndGlobal
